
Microsoft Visual Studio Solution File, Format Version 12.00
# Visual Studio Version 17
VisualStudioVersion = 17.1.32228.430
MinimumVisualStudioVersion = 10.0.40219.1
Project("{9A19103F-16F7-4668-BE54-9A1E7A4F7556}") = "AzFuncUnitTestWithEf", "AzFuncUnitTestWithEf\AzFuncUnitTestWithEf.csproj", "{9E415CF5-D75E-4D90-926E-F82B3F4DCF8C}"
EndProject
Project("{9A19103F-16F7-4668-BE54-9A1E7A4F7556}") = "AzFuncUnitTestWithEf.DataContext", "AzFuncUnitTestWithEf.DataContext\AzFuncUnitTestWithEf.DataContext.csproj", "{CA31F28E-08E7-46CC-806C-82F0C6CA9778}"
EndProject
Project("{FAE04EC0-301F-11D3-BF4B-00C04F79EFBC}") = "AzFuncUnitTestWithEf.Tests", "AzFuncUnitTestWithEf.Tests\AzFuncUnitTestWithEf.Tests.csproj", "{6DF1CAC7-90B9-46FA-9803-F1302691C324}"
EndProject
Global
	GlobalSection(SolutionConfigurationPlatforms) = preSolution
		Debug|Any CPU = Debug|Any CPU
		Release|Any CPU = Release|Any CPU
	EndGlobalSection
	GlobalSection(ProjectConfigurationPlatforms) = postSolution
		{9E415CF5-D75E-4D90-926E-F82B3F4DCF8C}.Debug|Any CPU.ActiveCfg = Debug|Any CPU
		{9E415CF5-D75E-4D90-926E-F82B3F4DCF8C}.Debug|Any CPU.Build.0 = Debug|Any CPU
		{9E415CF5-D75E-4D90-926E-F82B3F4DCF8C}.Release|Any CPU.ActiveCfg = Release|Any CPU
		{9E415CF5-D75E-4D90-926E-F82B3F4DCF8C}.Release|Any CPU.Build.0 = Release|Any CPU
		{CA31F28E-08E7-46CC-806C-82F0C6CA9778}.Debug|Any CPU.ActiveCfg = Debug|Any CPU
		{CA31F28E-08E7-46CC-806C-82F0C6CA9778}.Debug|Any CPU.Build.0 = Debug|Any CPU
		{CA31F28E-08E7-46CC-806C-82F0C6CA9778}.Release|Any CPU.ActiveCfg = Release|Any CPU
		{CA31F28E-08E7-46CC-806C-82F0C6CA9778}.Release|Any CPU.Build.0 = Release|Any CPU
		{6DF1CAC7-90B9-46FA-9803-F1302691C324}.Debug|Any CPU.ActiveCfg = Debug|Any CPU
		{6DF1CAC7-90B9-46FA-9803-F1302691C324}.Debug|Any CPU.Build.0 = Debug|Any CPU
		{6DF1CAC7-90B9-46FA-9803-F1302691C324}.Release|Any CPU.ActiveCfg = Release|Any CPU
		{6DF1CAC7-90B9-46FA-9803-F1302691C324}.Release|Any CPU.Build.0 = Release|Any CPU
	EndGlobalSection
	GlobalSection(SolutionProperties) = preSolution
		HideSolutionNode = FALSE
	EndGlobalSection
	GlobalSection(ExtensibilityGlobals) = postSolution
		SolutionGuid = {9A1ADC3D-FAD9-4475-969D-752E527EE419}
	EndGlobalSection
EndGlobal
